// !$*UTF8*$!
{
	archiveVersion = 1;
	classes = {
	};
	objectVersion = 46;
	objects = {

/* Begin PBXBuildFile section */
		CFC61B671DE287CE00E75F0D /* AppDelegate.swift in Sources */ = {isa = PBXBuildFile; fileRef = CFC61B661DE287CE00E75F0D /* AppDelegate.swift */; };
		CFC61B691DE287CE00E75F0D /* MainVC.swift in Sources */ = {isa = PBXBuildFile; fileRef = CFC61B681DE287CE00E75F0D /* MainVC.swift */; };
		CFC61B6C1DE287CE00E75F0D /* Main.storyboard in Resources */ = {isa = PBXBuildFile; fileRef = CFC61B6A1DE287CE00E75F0D /* Main.storyboard */; };
		CFC61B6E1DE287CF00E75F0D /* Assets.xcassets in Resources */ = {isa = PBXBuildFile; fileRef = CFC61B6D1DE287CF00E75F0D /* Assets.xcassets */; };
		CFC61B711DE287CF00E75F0D /* LaunchScreen.storyboard in Resources */ = {isa = PBXBuildFile; fileRef = CFC61B6F1DE287CF00E75F0D /* LaunchScreen.storyboard */; };
		CFC61B7C1DE293CB00E75F0D /* still time.ttf in Resources */ = {isa = PBXBuildFile; fileRef = CFC61B7B1DE293CB00E75F0D /* still time.ttf */; };
		CFC61B7F1DE2956B00E75F0D /* Video_VC.swift in Sources */ = {isa = PBXBuildFile; fileRef = CFC61B7E1DE2956B00E75F0D /* Video_VC.swift */; };
		CFC61B811DE297AF00E75F0D /* PartyCell.swift in Sources */ = {isa = PBXBuildFile; fileRef = CFC61B801DE297AF00E75F0D /* PartyCell.swift */; };
		CFC61B831DE29AFB00E75F0D /* PartyRock.swift in Sources */ = {isa = PBXBuildFile; fileRef = CFC61B821DE29AFB00E75F0D /* PartyRock.swift */; };
/* End PBXBuildFile section */

/* Begin PBXFileReference section */
		CFC61B631DE287CE00E75F0D /* PartyRockApp.app */ = {isa = PBXFileReference; explicitFileType = wrapper.application; includeInIndex = 0; path = PartyRockApp.app; sourceTree = BUILT_PRODUCTS_DIR; };
		CFC61B661DE287CE00E75F0D /* AppDelegate.swift */ = {isa = PBXFileReference; lastKnownFileType = sourcecode.swift; path = AppDelegate.swift; sourceTree = "<group>"; };
		CFC61B681DE287CE00E75F0D /* MainVC.swift */ = {isa = PBXFileReference; lastKnownFileType = sourcecode.swift; path = MainVC.swift; sourceTree = "<group>"; };
		CFC61B6B1DE287CE00E75F0D /* Base */ = {isa = PBXFileReference; lastKnownFileType = file.storyboard; name = Base; path = Base.lproj/Main.storyboard; sourceTree = "<group>"; };
		CFC61B6D1DE287CF00E75F0D /* Assets.xcassets */ = {isa = PBXFileReference; lastKnownFileType = folder.assetcatalog; path = Assets.xcassets; sourceTree = "<group>"; };
		CFC61B701DE287CF00E75F0D /* Base */ = {isa = PBXFileReference; lastKnownFileType = file.storyboard; name = Base; path = Base.lproj/LaunchScreen.storyboard; sourceTree = "<group>"; };
		CFC61B721DE287CF00E75F0D /* Info.plist */ = {isa = PBXFileReference; lastKnownFileType = text.plist.xml; path = Info.plist; sourceTree = "<group>"; };
		CFC61B7B1DE293CB00E75F0D /* still time.ttf */ = {isa = PBXFileReference; lastKnownFileType = file; path = "still time.ttf"; sourceTree = "<group>"; };
		CFC61B7E1DE2956B00E75F0D /* Video_VC.swift */ = {isa = PBXFileReference; fileEncoding = 4; lastKnownFileType = sourcecode.swift; path = Video_VC.swift; sourceTree = "<group>"; };
		CFC61B801DE297AF00E75F0D /* PartyCell.swift */ = {isa = PBXFileReference; fileEncoding = 4; lastKnownFileType = sourcecode.swift; path = PartyCell.swift; sourceTree = "<group>"; };
		CFC61B821DE29AFB00E75F0D /* PartyRock.swift */ = {isa = PBXFileReference; fileEncoding = 4; lastKnownFileType = sourcecode.swift; path = PartyRock.swift; sourceTree = "<group>"; };
/* End PBXFileReference section */

/* Begin PBXFrameworksBuildPhase section */
		CFC61B601DE287CE00E75F0D /* Frameworks */ = {
			isa = PBXFrameworksBuildPhase;
			buildActionMask = 2147483647;
			files = (
			);
			runOnlyForDeploymentPostprocessing = 0;
		};
/* End PBXFrameworksBuildPhase section */

/* Begin PBXGroup section */
		CFC61B5A1DE287CE00E75F0D = {
			isa = PBXGroup;
			children = (
				CFC61B651DE287CE00E75F0D /* PartyRockApp */,
				CFC61B641DE287CE00E75F0D /* Products */,
			);
			sourceTree = "<group>";
		};
		CFC61B641DE287CE00E75F0D /* Products */ = {
			isa = PBXGroup;
			children = (
				CFC61B631DE287CE00E75F0D /* PartyRockApp.app */,
			);
			name = Products;
			sourceTree = "<group>";
		};
		CFC61B651DE287CE00E75F0D /* PartyRockApp */ = {
			isa = PBXGroup;
			children = (
				CFC61B7D1DE293CF00E75F0D /* Files */,
				CFC61B781DE2884000E75F0D /* Model */,
				CFC61B791DE2884800E75F0D /* View */,
				CFC61B7A1DE2884E00E75F0D /* Controller */,
				CFC61B661DE287CE00E75F0D /* AppDelegate.swift */,
				CFC61B6A1DE287CE00E75F0D /* Main.storyboard */,
				CFC61B6F1DE287CF00E75F0D /* LaunchScreen.storyboard */,
				CFC61B6D1DE287CF00E75F0D /* Assets.xcassets */,
				CFC61B721DE287CF00E75F0D /* Info.plist */,
			);
			path = PartyRockApp;
			sourceTree = "<group>";
		};
		CFC61B781DE2884000E75F0D /* Model */ = {
			isa = PBXGroup;
			children = (
				CFC61B821DE29AFB00E75F0D /* PartyRock.swift */,
			);
			name = Model;
			sourceTree = "<group>";
		};
		CFC61B791DE2884800E75F0D /* View */ = {
			isa = PBXGroup;
			children = (
				CFC61B801DE297AF00E75F0D /* PartyCell.swift */,
			);
			name = View;
			sourceTree = "<group>";
		};
		CFC61B7A1DE2884E00E75F0D /* Controller */ = {
			isa = PBXGroup;
			children = (
				CFC61B681DE287CE00E75F0D /* MainVC.swift */,
				CFC61B7E1DE2956B00E75F0D /* Video_VC.swift */,
			);
			name = Controller;
			sourceTree = "<group>";
		};
		CFC61B7D1DE293CF00E75F0D /* Files */ = {
			isa = PBXGroup;
			children = (
				CFC61B7B1DE293CB00E75F0D /* still time.ttf */,
			);
			name = Files;
			sourceTree = "<group>";
		};
/* End PBXGroup section */

/* Begin PBXNativeTarget section */
		CFC61B621DE287CE00E75F0D /* PartyRockApp */ = {
			isa = PBXNativeTarget;
			buildConfigurationList = CFC61B751DE287CF00E75F0D /* Build configuration list for PBXNativeTarget "PartyRockApp" */;
			buildPhases = (
				CFC61B5F1DE287CE00E75F0D /* Sources */,
				CFC61B601DE287CE00E75F0D /* Frameworks */,
				CFC61B611DE287CE00E75F0D /* Resources */,
			);
			buildRules = (
			);
			dependencies = (
			);
			name = PartyRockApp;
			productName = PartyRockApp;
			productReference = CFC61B631DE287CE00E75F0D /* PartyRockApp.app */;
			productType = "com.apple.product-type.application";
		};
/* End PBXNativeTarget section */

/* Begin PBXProject section */
		CFC61B5B1DE287CE00E75F0D /* Project object */ = {
			isa = PBXProject;
			attributes = {
				LastSwiftUpdateCheck = 0810;
				LastUpgradeCheck = 0810;
				ORGANIZATIONNAME = "Rohan Thomas";
				TargetAttributes = {
					CFC61B621DE287CE00E75F0D = {
						CreatedOnToolsVersion = 8.1;
						DevelopmentTeam = J24WG7Z3CB;
						ProvisioningStyle = Automatic;
					};
				};
			};
			buildConfigurationList = CFC61B5E1DE287CE00E75F0D /* Build configuration list for PBXProject "PartyRockApp" */;
			compatibilityVersion = "Xcode 3.2";
			developmentRegion = English;
			hasScannedForEncodings = 0;
			knownRegions = (
				en,
				Base,
			);
			mainGroup = CFC61B5A1DE287CE00E75F0D;
			productRefGroup = CFC61B641DE287CE00E75F0D /* Products */;
			projectDirPath = "";
			projectRoot = "";
			targets = (
				CFC61B621DE287CE00E75F0D /* PartyRockApp */,
			);
		};
/* End PBXProject section */

/* Begin PBXResourcesBuildPhase section */
		CFC61B611DE287CE00E75F0D /* Resources */ = {
			isa = PBXResourcesBuildPhase;
			buildActionMask = 2147483647;
			files = (
				CFC61B711DE287CF00E75F0D /* LaunchScreen.storyboard in Resources */,
				CFC61B7C1DE293CB00E75F0D /* still time.ttf in Resources */,
				CFC61B6E1DE287CF00E75F0D /* Assets.xcassets in Resources */,
				CFC61B6C1DE287CE00E75F0D /* Main.storyboard in Resources */,
			);
			runOnlyForDeploymentPostprocessing = 0;
		};
/* End PBXResourcesBuildPhase section */

/* Begin PBXSourcesBuildPhase section */
		CFC61B5F1DE287CE00E75F0D /* Sources */ = {
			isa = PBXSourcesBuildPhase;
			buildActionMask = 2147483647;
			files = (
				CFC61B7F1DE2956B00E75F0D /* Video_VC.swift in Sources */,
				CFC61B691DE287CE00E75F0D /* MainVC.swift in Sources */,
				CFC61B831DE29AFB00E75F0D /* PartyRock.swift in Sources */,
				CFC61B811DE297AF00E75F0D /* PartyCell.swift in Sources */,
				CFC61B671DE287CE00E75F0D /* AppDelegate.swift in Sources */,
			);
			runOnlyForDeploymentPostprocessing = 0;
		};
/* End PBXSourcesBuildPhase section */

/* Begin PBXVariantGroup section */
		CFC61B6A1DE287CE00E75F0D /* Main.storyboard */ = {
			isa = PBXVariantGroup;
			children = (
				CFC61B6B1DE287CE00E75F0D /* Base */,
			);
			name = Main.storyboard;
			sourceTree = "<group>";
		};
		CFC61B6F1DE287CF00E75F0D /* LaunchScreen.storyboard */ = {
			isa = PBXVariantGroup;
			children = (
				CFC61B701DE287CF00E75F0D /* Base */,
			);
			name = LaunchScreen.storyboard;
			sourceTree = "<group>";
		};
/* End PBXVariantGroup section */

/* Begin XCBuildConfiguration section */
		CFC61B731DE287CF00E75F0D /* Debug */ = {
			isa = XCBuildConfiguration;
			buildSettings = {
				ALWAYS_SEARCH_USER_PATHS = NO;
				CLANG_ANALYZER_NONNULL = YES;
				CLANG_CXX_LANGUAGE_STANDARD = "gnu++0x";
				CLANG_CXX_LIBRARY = "libc++";
				CLANG_ENABLE_MODULES = YES;
				CLANG_ENABLE_OBJC_ARC = YES;
				CLANG_WARN_BOOL_CONVERSION = YES;
				CLANG_WARN_CONSTANT_CONVERSION = YES;
				CLANG_WARN_DIRECT_OBJC_ISA_USAGE = YES_ERROR;
				CLANG_WARN_DOCUMENTATION_COMMENTS = YES;
				CLANG_WARN_EMPTY_BODY = YES;
				CLANG_WARN_ENUM_CONVERSION = YES;
				CLANG_WARN_INFINITE_RECURSION = YES;
				CLANG_WARN_INT_CONVERSION = YES;
				CLANG_WARN_OBJC_ROOT_CLASS = YES_ERROR;
				CLANG_WARN_SUSPICIOUS_MOVES = YES;
				CLANG_WARN_UNREACHABLE_CODE = YES;
				CLANG_WARN__DUPLICATE_METHOD_MATCH = YES;
				"CODE_SIGN_IDENTITY[sdk=iphoneos*]" = "iPhone Developer";
				COPY_PHASE_STRIP = NO;
				DEBUG_INFORMATION_FORMAT = dwarf;
				ENABLE_STRICT_OBJC_MSGSEND = YES;
				ENABLE_TESTABILITY = YES;
				GCC_C_LANGUAGE_STANDARD = gnu99;
				GCC_DYNAMIC_NO_PIC = NO;
				GCC_NO_COMMON_BLOCKS = YES;
				GCC_OPTIMIZATION_LEVEL = 0;
				GCC_PREPROCESSOR_DEFINITIONS = (
					"DEBUG=1",
					"$(inherited)",
				);
				GCC_WARN_64_TO_32_BIT_CONVERSION = YES;
				GCC_WARN_ABOUT_RETURN_TYPE = YES_ERROR;
				GCC_WARN_UNDECLARED_SELECTOR = YES;
				GCC_WARN_UNINITIALIZED_AUTOS = YES_AGGRESSIVE;
				GCC_WARN_UNUSED_FUNCTION = YES;
				GCC_WARN_UNUSED_VARIABLE = YES;
				IPHONEOS_DEPLOYMENT_TARGET = 10.1;
				MTL_ENABLE_DEBUG_INFO = YES;
				ONLY_ACTIVE_ARCH = YES;
				SDKROOT = iphoneos;
				SWIFT_ACTIVE_COMPILATION_CONDITIONS = DEBUG;
				SWIFT_OPTIMIZATION_LEVEL = "-Onone";
				TARGETED_DEVICE_FAMILY = "1,2";
			};
			name = Debug;
		};
		CFC61B741DE287CF00E75F0D /* Release */ = {
			isa = XCBuildConfiguration;
			buildSettings = {
				ALWAYS_SEARCH_USER_PATHS = NO;
				CLANG_ANALYZER_NONNULL = YES;
				CLANG_CXX_LANGUAGE_STANDARD = "gnu++0x";
				CLANG_CXX_LIBRARY = "libc++";
				CLANG_ENABLE_MODULES = YES;
				CLANG_ENABLE_OBJC_ARC = YES;
				CLANG_WARN_BOOL_CONVERSION = YES;
				CLANG_WARN_CONSTANT_CONVERSION = YES;
				CLANG_WARN_DIRECT_OBJC_ISA_USAGE = YES_ERROR;
				CLANG_WARN_DOCUMENTATION_COMMENTS = YES;
				CLANG_WARN_EMPTY_BODY = YES;
				CLANG_WARN_ENUM_CONVERSION = YES;
				CLANG_WARN_INFINITE_RECURSION = YES;
				CLANG_WARN_INT_CONVERSION = YES;
				CLANG_WARN_OBJC_ROOT_CLASS = YES_ERROR;
				CLANG_WARN_SUSPICIOUS_MOVES = YES;
				CLANG_WARN_UNREACHABLE_CODE = YES;
				CLANG_WARN__DUPLICATE_METHOD_MATCH = YES;
				"CODE_SIGN_IDENTITY[sdk=iphoneos*]" = "iPhone Developer";
				COPY_PHASE_STRIP = NO;
				DEBUG_INFORMATION_FORMAT = "dwarf-with-dsym";
				ENABLE_NS_ASSERTIONS = NO;
				ENABLE_STRICT_OBJC_MSGSEND = YES;
				GCC_C_LANGUAGE_STANDARD = gnu99;
				GCC_NO_COMMON_BLOCKS = YES;
				GCC_WARN_64_TO_32_BIT_CONVERSION = YES;
				GCC_WARN_ABOUT_RETURN_TYPE = YES_ERROR;
				GCC_WARN_UNDECLARED_SELECTOR = YES;
				GCC_WARN_UNINITIALIZED_AUTOS = YES_AGGRESSIVE;
				GCC_WARN_UNUSED_FUNCTION = YES;
				GCC_WARN_UNUSED_VARIABLE = YES;
				IPHONEOS_DEPLOYMENT_TARGET = 10.1;
				MTL_ENABLE_DEBUG_INFO = NO;
				SDKROOT = iphoneos;
				SWIFT_OPTIMIZATION_LEVEL = "-Owholemodule";
				TARGETED_DEVICE_FAMILY = "1,2";
				VALIDATE_PRODUCT = YES;
			};
			name = Release;
		};
		CFC61B761DE287CF00E75F0D /* Debug */ = {
			isa = XCBuildConfiguration;
			buildSettings = {
				ASSETCATALOG_COMPILER_APPICON_NAME = AppIcon;
				DEVELOPMENT_TEAM = J24WG7Z3CB;
				INFOPLIST_FILE = PartyRockApp/Info.plist;
				LD_RUNPATH_SEARCH_PATHS = "$(inherited) @executable_path/Frameworks";
				PRODUCT_BUNDLE_IDENTIFIER = com.rohan.PartyRockApp;
				PRODUCT_NAME = "$(TARGET_NAME)";
				SWIFT_VERSION = 3.0;
				TARGETED_DEVICE_FAMILY = "1,2";
			};
			name = Debug;
		};
		CFC61B771DE287CF00E75F0D /* Release */ = {
			isa = XCBuildConfiguration;
			buildSettings = {
				ASSETCATALOG_COMPILER_APPICON_NAME = AppIcon;
				DEVELOPMENT_TEAM = J24WG7Z3CB;
				INFOPLIST_FILE = PartyRockApp/Info.plist;
				LD_RUNPATH_SEARCH_PATHS = "$(inherited) @executable_path/Frameworks";
				PRODUCT_BUNDLE_IDENTIFIER = com.rohan.PartyRockApp;
				PRODUCT_NAME = "$(TARGET_NAME)";
				SWIFT_VERSION = 3.0;
				TARGETED_DEVICE_FAMILY = "1,2";
			};
			name = Release;
		};
/* End XCBuildConfiguration section */

/* Begin XCConfigurationList section */
		CFC61B5E1DE287CE00E75F0D /* Build configuration list for PBXProject "PartyRockApp" */ = {
			isa = XCConfigurationList;
			buildConfigurations = (
				CFC61B731DE287CF00E75F0D /* Debug */,
				CFC61B741DE287CF00E75F0D /* Release */,
			);
			defaultConfigurationIsVisible = 0;
			defaultConfigurationName = Release;
		};
		CFC61B751DE287CF00E75F0D /* Build configuration list for PBXNativeTarget "PartyRockApp" */ = {
			isa = XCConfigurationList;
			buildConfigurations = (
				CFC61B761DE287CF00E75F0D /* Debug */,
				CFC61B771DE287CF00E75F0D /* Release */,
			);
			defaultConfigurationIsVisible = 0;
			defaultConfigurationName = Release;
		};
/* End XCConfigurationList section */
	};
	rootObject = CFC61B5B1DE287CE00E75F0D /* Project object */;
}
